// !$*UTF8*$!
{
	archiveVersion = 1;
	classes = {
	};
	objectVersion = 46;
	objects = {

/* Begin PBXBuildFile section */
		888004571773651E00CDEC07 /* AFHTTPClient.m in Sources */ = {isa = PBXBuildFile; fileRef = 888004451773651E00CDEC07 /* AFHTTPClient.m */; };
		888004581773651E00CDEC07 /* AFHTTPRequestOperation.m in Sources */ = {isa = PBXBuildFile; fileRef = 888004471773651E00CDEC07 /* AFHTTPRequestOperation.m */; };
		888004591773651E00CDEC07 /* AFImageRequestOperation.m in Sources */ = {isa = PBXBuildFile; fileRef = 888004491773651E00CDEC07 /* AFImageRequestOperation.m */; };
		8880045A1773651E00CDEC07 /* AFJSONRequestOperation.m in Sources */ = {isa = PBXBuildFile; fileRef = 8880044B1773651E00CDEC07 /* AFJSONRequestOperation.m */; };
		8880045B1773651E00CDEC07 /* AFNetworkActivityIndicatorManager.m in Sources */ = {isa = PBXBuildFile; fileRef = 8880044D1773651E00CDEC07 /* AFNetworkActivityIndicatorManager.m */; };
		8880045C1773651E00CDEC07 /* AFPropertyListRequestOperation.m in Sources */ = {isa = PBXBuildFile; fileRef = 888004501773651E00CDEC07 /* AFPropertyListRequestOperation.m */; };
		8880045D1773651E00CDEC07 /* AFURLConnectionOperation.m in Sources */ = {isa = PBXBuildFile; fileRef = 888004521773651E00CDEC07 /* AFURLConnectionOperation.m */; };
		8880045E1773651E00CDEC07 /* AFXMLRequestOperation.m in Sources */ = {isa = PBXBuildFile; fileRef = 888004541773651E00CDEC07 /* AFXMLRequestOperation.m */; };
		8880045F1773651E00CDEC07 /* UIImageView+AFNetworking.m in Sources */ = {isa = PBXBuildFile; fileRef = 888004561773651E00CDEC07 /* UIImageView+AFNetworking.m */; };
		8899B4321772506600613D90 /* MoveEditViewController.m in Sources */ = {isa = PBXBuildFile; fileRef = 8899B4311772506600613D90 /* MoveEditViewController.m */; };
		88D8CB70176E903D0044DF85 /* MoveCreateViewController.m in Sources */ = {isa = PBXBuildFile; fileRef = 88D8CB6F176E903D0044DF85 /* MoveCreateViewController.m */; };
		88DDC3EF177CA27D00E7CB53 /* UIApplication+NetworkActivityManager.m in Sources */ = {isa = PBXBuildFile; fileRef = 88DDC3EE177CA27D00E7CB53 /* UIApplication+NetworkActivityManager.m */; };
		88DDC3FE177CBDE900E7CB53 /* EGORefreshTableHeaderView.m in Sources */ = {isa = PBXBuildFile; fileRef = 88DDC3F4177CBDE900E7CB53 /* EGORefreshTableHeaderView.m */; };
		88DDC3FF177CBDE900E7CB53 /* blackArrow.png in Resources */ = {isa = PBXBuildFile; fileRef = 88DDC3F6177CBDE900E7CB53 /* blackArrow.png */; };
		88DDC400177CBDE900E7CB53 /* blackArrow@2x.png in Resources */ = {isa = PBXBuildFile; fileRef = 88DDC3F7177CBDE900E7CB53 /* blackArrow@2x.png */; };
		88DDC401177CBDE900E7CB53 /* blueArrow.png in Resources */ = {isa = PBXBuildFile; fileRef = 88DDC3F8177CBDE900E7CB53 /* blueArrow.png */; };
		88DDC402177CBDE900E7CB53 /* blueArrow@2x.png in Resources */ = {isa = PBXBuildFile; fileRef = 88DDC3F9177CBDE900E7CB53 /* blueArrow@2x.png */; };
		88DDC403177CBDE900E7CB53 /* grayArrow.png in Resources */ = {isa = PBXBuildFile; fileRef = 88DDC3FA177CBDE900E7CB53 /* grayArrow.png */; };
		88DDC404177CBDE900E7CB53 /* grayArrow@2x.png in Resources */ = {isa = PBXBuildFile; fileRef = 88DDC3FB177CBDE900E7CB53 /* grayArrow@2x.png */; };
		88DDC405177CBDE900E7CB53 /* whiteArrow.png in Resources */ = {isa = PBXBuildFile; fileRef = 88DDC3FC177CBDE900E7CB53 /* whiteArrow.png */; };
		88DDC406177CBDE900E7CB53 /* whiteArrow@2x.png in Resources */ = {isa = PBXBuildFile; fileRef = 88DDC3FD177CBDE900E7CB53 /* whiteArrow@2x.png */; };
		88DDC408177CBE8F00E7CB53 /* QuartzCore.framework in Frameworks */ = {isa = PBXBuildFile; fileRef = 88DDC407177CBE8F00E7CB53 /* QuartzCore.framework */; };
		88E7558E176AB479009F2AF4 /* UIKit.framework in Frameworks */ = {isa = PBXBuildFile; fileRef = 88E7558D176AB479009F2AF4 /* UIKit.framework */; };
		88E75590176AB479009F2AF4 /* Foundation.framework in Frameworks */ = {isa = PBXBuildFile; fileRef = 88E7558F176AB479009F2AF4 /* Foundation.framework */; };
		88E75592176AB479009F2AF4 /* CoreGraphics.framework in Frameworks */ = {isa = PBXBuildFile; fileRef = 88E75591176AB479009F2AF4 /* CoreGraphics.framework */; };
		88E75598176AB479009F2AF4 /* InfoPlist.strings in Resources */ = {isa = PBXBuildFile; fileRef = 88E75596176AB479009F2AF4 /* InfoPlist.strings */; };
		88E7559A176AB479009F2AF4 /* main.m in Sources */ = {isa = PBXBuildFile; fileRef = 88E75599176AB479009F2AF4 /* main.m */; };
		88E7559E176AB479009F2AF4 /* MoveAppDelegate.m in Sources */ = {isa = PBXBuildFile; fileRef = 88E7559D176AB479009F2AF4 /* MoveAppDelegate.m */; };
		88E755A0176AB479009F2AF4 /* Default.png in Resources */ = {isa = PBXBuildFile; fileRef = 88E7559F176AB479009F2AF4 /* Default.png */; };
		88E755A2176AB479009F2AF4 /* Default@2x.png in Resources */ = {isa = PBXBuildFile; fileRef = 88E755A1176AB479009F2AF4 /* Default@2x.png */; };
		88E755A4176AB479009F2AF4 /* Default-568h@2x.png in Resources */ = {isa = PBXBuildFile; fileRef = 88E755A3176AB479009F2AF4 /* Default-568h@2x.png */; };
		88E755A7176AB479009F2AF4 /* MainStoryboard.storyboard in Resources */ = {isa = PBXBuildFile; fileRef = 88E755A5176AB479009F2AF4 /* MainStoryboard.storyboard */; };
		88E755AA176AB479009F2AF4 /* MoveMasterViewController.m in Sources */ = {isa = PBXBuildFile; fileRef = 88E755A9176AB479009F2AF4 /* MoveMasterViewController.m */; };
		88E755AD176AB479009F2AF4 /* MoveDetailViewController.m in Sources */ = {isa = PBXBuildFile; fileRef = 88E755AC176AB479009F2AF4 /* MoveDetailViewController.m */; };
		88E755B5176AC79E009F2AF4 /* Activity.m in Sources */ = {isa = PBXBuildFile; fileRef = 88E755B4176AC79E009F2AF4 /* Activity.m */; };
		88E755B8176ACC3D009F2AF4 /* ActivityDataController.m in Sources */ = {isa = PBXBuildFile; fileRef = 88E755B7176ACC3D009F2AF4 /* ActivityDataController.m */; };
/* End PBXBuildFile section */

/* Begin PBXFileReference section */
		888004441773651E00CDEC07 /* AFHTTPClient.h */ = {isa = PBXFileReference; fileEncoding = 4; lastKnownFileType = sourcecode.c.h; path = AFHTTPClient.h; sourceTree = "<group>"; };
		888004451773651E00CDEC07 /* AFHTTPClient.m */ = {isa = PBXFileReference; fileEncoding = 4; lastKnownFileType = sourcecode.c.objc; path = AFHTTPClient.m; sourceTree = "<group>"; };
		888004461773651E00CDEC07 /* AFHTTPRequestOperation.h */ = {isa = PBXFileReference; fileEncoding = 4; lastKnownFileType = sourcecode.c.h; path = AFHTTPRequestOperation.h; sourceTree = "<group>"; };
		888004471773651E00CDEC07 /* AFHTTPRequestOperation.m */ = {isa = PBXFileReference; fileEncoding = 4; lastKnownFileType = sourcecode.c.objc; path = AFHTTPRequestOperation.m; sourceTree = "<group>"; };
		888004481773651E00CDEC07 /* AFImageRequestOperation.h */ = {isa = PBXFileReference; fileEncoding = 4; lastKnownFileType = sourcecode.c.h; path = AFImageRequestOperation.h; sourceTree = "<group>"; };
		888004491773651E00CDEC07 /* AFImageRequestOperation.m */ = {isa = PBXFileReference; fileEncoding = 4; lastKnownFileType = sourcecode.c.objc; path = AFImageRequestOperation.m; sourceTree = "<group>"; };
		8880044A1773651E00CDEC07 /* AFJSONRequestOperation.h */ = {isa = PBXFileReference; fileEncoding = 4; lastKnownFileType = sourcecode.c.h; path = AFJSONRequestOperation.h; sourceTree = "<group>"; };
		8880044B1773651E00CDEC07 /* AFJSONRequestOperation.m */ = {isa = PBXFileReference; fileEncoding = 4; lastKnownFileType = sourcecode.c.objc; path = AFJSONRequestOperation.m; sourceTree = "<group>"; };
		8880044C1773651E00CDEC07 /* AFNetworkActivityIndicatorManager.h */ = {isa = PBXFileReference; fileEncoding = 4; lastKnownFileType = sourcecode.c.h; path = AFNetworkActivityIndicatorManager.h; sourceTree = "<group>"; };
		8880044D1773651E00CDEC07 /* AFNetworkActivityIndicatorManager.m */ = {isa = PBXFileReference; fileEncoding = 4; lastKnownFileType = sourcecode.c.objc; path = AFNetworkActivityIndicatorManager.m; sourceTree = "<group>"; };
		8880044E1773651E00CDEC07 /* AFNetworking.h */ = {isa = PBXFileReference; fileEncoding = 4; lastKnownFileType = sourcecode.c.h; path = AFNetworking.h; sourceTree = "<group>"; };
		8880044F1773651E00CDEC07 /* AFPropertyListRequestOperation.h */ = {isa = PBXFileReference; fileEncoding = 4; lastKnownFileType = sourcecode.c.h; path = AFPropertyListRequestOperation.h; sourceTree = "<group>"; };
		888004501773651E00CDEC07 /* AFPropertyListRequestOperation.m */ = {isa = PBXFileReference; fileEncoding = 4; lastKnownFileType = sourcecode.c.objc; path = AFPropertyListRequestOperation.m; sourceTree = "<group>"; };
		888004511773651E00CDEC07 /* AFURLConnectionOperation.h */ = {isa = PBXFileReference; fileEncoding = 4; lastKnownFileType = sourcecode.c.h; path = AFURLConnectionOperation.h; sourceTree = "<group>"; };
		888004521773651E00CDEC07 /* AFURLConnectionOperation.m */ = {isa = PBXFileReference; fileEncoding = 4; lastKnownFileType = sourcecode.c.objc; path = AFURLConnectionOperation.m; sourceTree = "<group>"; };
		888004531773651E00CDEC07 /* AFXMLRequestOperation.h */ = {isa = PBXFileReference; fileEncoding = 4; lastKnownFileType = sourcecode.c.h; path = AFXMLRequestOperation.h; sourceTree = "<group>"; };
		888004541773651E00CDEC07 /* AFXMLRequestOperation.m */ = {isa = PBXFileReference; fileEncoding = 4; lastKnownFileType = sourcecode.c.objc; path = AFXMLRequestOperation.m; sourceTree = "<group>"; };
		888004551773651E00CDEC07 /* UIImageView+AFNetworking.h */ = {isa = PBXFileReference; fileEncoding = 4; lastKnownFileType = sourcecode.c.h; path = "UIImageView+AFNetworking.h"; sourceTree = "<group>"; };
		888004561773651E00CDEC07 /* UIImageView+AFNetworking.m */ = {isa = PBXFileReference; fileEncoding = 4; lastKnownFileType = sourcecode.c.objc; path = "UIImageView+AFNetworking.m"; sourceTree = "<group>"; };
		8899B4301772506600613D90 /* MoveEditViewController.h */ = {isa = PBXFileReference; fileEncoding = 4; lastKnownFileType = sourcecode.c.h; path = MoveEditViewController.h; sourceTree = "<group>"; };
		8899B4311772506600613D90 /* MoveEditViewController.m */ = {isa = PBXFileReference; fileEncoding = 4; lastKnownFileType = sourcecode.c.objc; path = MoveEditViewController.m; sourceTree = "<group>"; };
		88D8CB6E176E903D0044DF85 /* MoveCreateViewController.h */ = {isa = PBXFileReference; fileEncoding = 4; lastKnownFileType = sourcecode.c.h; path = MoveCreateViewController.h; sourceTree = "<group>"; };
		88D8CB6F176E903D0044DF85 /* MoveCreateViewController.m */ = {isa = PBXFileReference; fileEncoding = 4; lastKnownFileType = sourcecode.c.objc; path = MoveCreateViewController.m; sourceTree = "<group>"; };
		88DDC3ED177CA27D00E7CB53 /* UIApplication+NetworkActivityManager.h */ = {isa = PBXFileReference; fileEncoding = 4; lastKnownFileType = sourcecode.c.h; path = "UIApplication+NetworkActivityManager.h"; sourceTree = "<group>"; };
		88DDC3EE177CA27D00E7CB53 /* UIApplication+NetworkActivityManager.m */ = {isa = PBXFileReference; fileEncoding = 4; lastKnownFileType = sourcecode.c.objc; path = "UIApplication+NetworkActivityManager.m"; sourceTree = "<group>"; };
		88DDC3F3177CBDE900E7CB53 /* EGORefreshTableHeaderView.h */ = {isa = PBXFileReference; fileEncoding = 4; lastKnownFileType = sourcecode.c.h; path = EGORefreshTableHeaderView.h; sourceTree = "<group>"; };
		88DDC3F4177CBDE900E7CB53 /* EGORefreshTableHeaderView.m */ = {isa = PBXFileReference; fileEncoding = 4; lastKnownFileType = sourcecode.c.objc; path = EGORefreshTableHeaderView.m; sourceTree = "<group>"; };
		88DDC3F6177CBDE900E7CB53 /* blackArrow.png */ = {isa = PBXFileReference; lastKnownFileType = image.png; path = blackArrow.png; sourceTree = "<group>"; };
		88DDC3F7177CBDE900E7CB53 /* blackArrow@2x.png */ = {isa = PBXFileReference; lastKnownFileType = image.png; path = "blackArrow@2x.png"; sourceTree = "<group>"; };
		88DDC3F8177CBDE900E7CB53 /* blueArrow.png */ = {isa = PBXFileReference; lastKnownFileType = image.png; path = blueArrow.png; sourceTree = "<group>"; };
		88DDC3F9177CBDE900E7CB53 /* blueArrow@2x.png */ = {isa = PBXFileReference; lastKnownFileType = image.png; path = "blueArrow@2x.png"; sourceTree = "<group>"; };
		88DDC3FA177CBDE900E7CB53 /* grayArrow.png */ = {isa = PBXFileReference; lastKnownFileType = image.png; path = grayArrow.png; sourceTree = "<group>"; };
		88DDC3FB177CBDE900E7CB53 /* grayArrow@2x.png */ = {isa = PBXFileReference; lastKnownFileType = image.png; path = "grayArrow@2x.png"; sourceTree = "<group>"; };
		88DDC3FC177CBDE900E7CB53 /* whiteArrow.png */ = {isa = PBXFileReference; lastKnownFileType = image.png; path = whiteArrow.png; sourceTree = "<group>"; };
		88DDC3FD177CBDE900E7CB53 /* whiteArrow@2x.png */ = {isa = PBXFileReference; lastKnownFileType = image.png; path = "whiteArrow@2x.png"; sourceTree = "<group>"; };
		88DDC407177CBE8F00E7CB53 /* QuartzCore.framework */ = {isa = PBXFileReference; lastKnownFileType = wrapper.framework; name = QuartzCore.framework; path = System/Library/Frameworks/QuartzCore.framework; sourceTree = SDKROOT; };
		88E7558A176AB479009F2AF4 /* MovePrototype01.app */ = {isa = PBXFileReference; explicitFileType = wrapper.application; includeInIndex = 0; path = MovePrototype01.app; sourceTree = BUILT_PRODUCTS_DIR; };
		88E7558D176AB479009F2AF4 /* UIKit.framework */ = {isa = PBXFileReference; lastKnownFileType = wrapper.framework; name = UIKit.framework; path = System/Library/Frameworks/UIKit.framework; sourceTree = SDKROOT; };
		88E7558F176AB479009F2AF4 /* Foundation.framework */ = {isa = PBXFileReference; lastKnownFileType = wrapper.framework; name = Foundation.framework; path = System/Library/Frameworks/Foundation.framework; sourceTree = SDKROOT; };
		88E75591176AB479009F2AF4 /* CoreGraphics.framework */ = {isa = PBXFileReference; lastKnownFileType = wrapper.framework; name = CoreGraphics.framework; path = System/Library/Frameworks/CoreGraphics.framework; sourceTree = SDKROOT; };
		88E75595176AB479009F2AF4 /* MovePrototype01-Info.plist */ = {isa = PBXFileReference; lastKnownFileType = text.plist.xml; path = "MovePrototype01-Info.plist"; sourceTree = "<group>"; };
		88E75597176AB479009F2AF4 /* en */ = {isa = PBXFileReference; lastKnownFileType = text.plist.strings; name = en; path = en.lproj/InfoPlist.strings; sourceTree = "<group>"; };
		88E75599176AB479009F2AF4 /* main.m */ = {isa = PBXFileReference; lastKnownFileType = sourcecode.c.objc; path = main.m; sourceTree = "<group>"; };
		88E7559B176AB479009F2AF4 /* MovePrototype01-Prefix.pch */ = {isa = PBXFileReference; lastKnownFileType = sourcecode.c.h; path = "MovePrototype01-Prefix.pch"; sourceTree = "<group>"; };
		88E7559C176AB479009F2AF4 /* MoveAppDelegate.h */ = {isa = PBXFileReference; lastKnownFileType = sourcecode.c.h; path = MoveAppDelegate.h; sourceTree = "<group>"; };
		88E7559D176AB479009F2AF4 /* MoveAppDelegate.m */ = {isa = PBXFileReference; lastKnownFileType = sourcecode.c.objc; path = MoveAppDelegate.m; sourceTree = "<group>"; };
		88E7559F176AB479009F2AF4 /* Default.png */ = {isa = PBXFileReference; lastKnownFileType = image.png; path = Default.png; sourceTree = "<group>"; };
		88E755A1176AB479009F2AF4 /* Default@2x.png */ = {isa = PBXFileReference; lastKnownFileType = image.png; path = "Default@2x.png"; sourceTree = "<group>"; };
		88E755A3176AB479009F2AF4 /* Default-568h@2x.png */ = {isa = PBXFileReference; lastKnownFileType = image.png; path = "Default-568h@2x.png"; sourceTree = "<group>"; };
		88E755A6176AB479009F2AF4 /* en */ = {isa = PBXFileReference; lastKnownFileType = file.storyboard; name = en; path = en.lproj/MainStoryboard.storyboard; sourceTree = "<group>"; };
		88E755A8176AB479009F2AF4 /* MoveMasterViewController.h */ = {isa = PBXFileReference; lastKnownFileType = sourcecode.c.h; path = MoveMasterViewController.h; sourceTree = "<group>"; };
		88E755A9176AB479009F2AF4 /* MoveMasterViewController.m */ = {isa = PBXFileReference; lastKnownFileType = sourcecode.c.objc; path = MoveMasterViewController.m; sourceTree = "<group>"; };
		88E755AB176AB479009F2AF4 /* MoveDetailViewController.h */ = {isa = PBXFileReference; lastKnownFileType = sourcecode.c.h; path = MoveDetailViewController.h; sourceTree = "<group>"; };
		88E755AC176AB479009F2AF4 /* MoveDetailViewController.m */ = {isa = PBXFileReference; lastKnownFileType = sourcecode.c.objc; path = MoveDetailViewController.m; sourceTree = "<group>"; };
		88E755B3176AC79E009F2AF4 /* Activity.h */ = {isa = PBXFileReference; fileEncoding = 4; lastKnownFileType = sourcecode.c.h; path = Activity.h; sourceTree = "<group>"; };
		88E755B4176AC79E009F2AF4 /* Activity.m */ = {isa = PBXFileReference; fileEncoding = 4; lastKnownFileType = sourcecode.c.objc; path = Activity.m; sourceTree = "<group>"; };
		88E755B6176ACC3D009F2AF4 /* ActivityDataController.h */ = {isa = PBXFileReference; fileEncoding = 4; lastKnownFileType = sourcecode.c.h; path = ActivityDataController.h; sourceTree = "<group>"; };
		88E755B7176ACC3D009F2AF4 /* ActivityDataController.m */ = {isa = PBXFileReference; fileEncoding = 4; lastKnownFileType = sourcecode.c.objc; path = ActivityDataController.m; sourceTree = "<group>"; };
/* End PBXFileReference section */

/* Begin PBXFrameworksBuildPhase section */
		88E75587176AB479009F2AF4 /* Frameworks */ = {
			isa = PBXFrameworksBuildPhase;
			buildActionMask = 2147483647;
			files = (
				88DDC408177CBE8F00E7CB53 /* QuartzCore.framework in Frameworks */,
				88E7558E176AB479009F2AF4 /* UIKit.framework in Frameworks */,
				88E75590176AB479009F2AF4 /* Foundation.framework in Frameworks */,
				88E75592176AB479009F2AF4 /* CoreGraphics.framework in Frameworks */,
			);
			runOnlyForDeploymentPostprocessing = 0;
		};
/* End PBXFrameworksBuildPhase section */

/* Begin PBXGroup section */
		888004431773651E00CDEC07 /* AFNetworking */ = {
			isa = PBXGroup;
			children = (
				888004441773651E00CDEC07 /* AFHTTPClient.h */,
				888004451773651E00CDEC07 /* AFHTTPClient.m */,
				888004461773651E00CDEC07 /* AFHTTPRequestOperation.h */,
				888004471773651E00CDEC07 /* AFHTTPRequestOperation.m */,
				888004481773651E00CDEC07 /* AFImageRequestOperation.h */,
				888004491773651E00CDEC07 /* AFImageRequestOperation.m */,
				8880044A1773651E00CDEC07 /* AFJSONRequestOperation.h */,
				8880044B1773651E00CDEC07 /* AFJSONRequestOperation.m */,
				8880044C1773651E00CDEC07 /* AFNetworkActivityIndicatorManager.h */,
				8880044D1773651E00CDEC07 /* AFNetworkActivityIndicatorManager.m */,
				8880044E1773651E00CDEC07 /* AFNetworking.h */,
				8880044F1773651E00CDEC07 /* AFPropertyListRequestOperation.h */,
				888004501773651E00CDEC07 /* AFPropertyListRequestOperation.m */,
				888004511773651E00CDEC07 /* AFURLConnectionOperation.h */,
				888004521773651E00CDEC07 /* AFURLConnectionOperation.m */,
				888004531773651E00CDEC07 /* AFXMLRequestOperation.h */,
				888004541773651E00CDEC07 /* AFXMLRequestOperation.m */,
				888004551773651E00CDEC07 /* UIImageView+AFNetworking.h */,
				888004561773651E00CDEC07 /* UIImageView+AFNetworking.m */,
			);
			path = AFNetworking;
			sourceTree = "<group>";
		};
		88DDC3F0177CBDE800E7CB53 /* EGOTableViewPullRefresh */ = {
			isa = PBXGroup;
			children = (
				88DDC3F1177CBDE900E7CB53 /* Classes */,
				88DDC3F5177CBDE900E7CB53 /* Resources */,
			);
			path = EGOTableViewPullRefresh;
			sourceTree = "<group>";
		};
		88DDC3F1177CBDE900E7CB53 /* Classes */ = {
			isa = PBXGroup;
			children = (
				88DDC3F2177CBDE900E7CB53 /* View */,
			);
			path = Classes;
			sourceTree = "<group>";
		};
		88DDC3F2177CBDE900E7CB53 /* View */ = {
			isa = PBXGroup;
			children = (
				88DDC3F3177CBDE900E7CB53 /* EGORefreshTableHeaderView.h */,
				88DDC3F4177CBDE900E7CB53 /* EGORefreshTableHeaderView.m */,
			);
			path = View;
			sourceTree = "<group>";
		};
		88DDC3F5177CBDE900E7CB53 /* Resources */ = {
			isa = PBXGroup;
			children = (
				88DDC3F6177CBDE900E7CB53 /* blackArrow.png */,
				88DDC3F7177CBDE900E7CB53 /* blackArrow@2x.png */,
				88DDC3F8177CBDE900E7CB53 /* blueArrow.png */,
				88DDC3F9177CBDE900E7CB53 /* blueArrow@2x.png */,
				88DDC3FA177CBDE900E7CB53 /* grayArrow.png */,
				88DDC3FB177CBDE900E7CB53 /* grayArrow@2x.png */,
				88DDC3FC177CBDE900E7CB53 /* whiteArrow.png */,
				88DDC3FD177CBDE900E7CB53 /* whiteArrow@2x.png */,
			);
			path = Resources;
			sourceTree = "<group>";
		};
		88E75581176AB478009F2AF4 = {
			isa = PBXGroup;
			children = (
				88DDC3F0177CBDE800E7CB53 /* EGOTableViewPullRefresh */,
				888004431773651E00CDEC07 /* AFNetworking */,
				88E75593176AB479009F2AF4 /* MovePrototype01 */,
				88E7558C176AB479009F2AF4 /* Frameworks */,
				88E7558B176AB479009F2AF4 /* Products */,
			);
			sourceTree = "<group>";
		};
		88E7558B176AB479009F2AF4 /* Products */ = {
			isa = PBXGroup;
			children = (
				88E7558A176AB479009F2AF4 /* MovePrototype01.app */,
			);
			name = Products;
			sourceTree = "<group>";
		};
		88E7558C176AB479009F2AF4 /* Frameworks */ = {
			isa = PBXGroup;
			children = (
				88DDC407177CBE8F00E7CB53 /* QuartzCore.framework */,
				88E7558D176AB479009F2AF4 /* UIKit.framework */,
				88E7558F176AB479009F2AF4 /* Foundation.framework */,
				88E75591176AB479009F2AF4 /* CoreGraphics.framework */,
			);
			name = Frameworks;
			sourceTree = "<group>";
		};
		88E75593176AB479009F2AF4 /* MovePrototype01 */ = {
			isa = PBXGroup;
			children = (
				88E7559C176AB479009F2AF4 /* MoveAppDelegate.h */,
				8899B4301772506600613D90 /* MoveEditViewController.h */,
				8899B4311772506600613D90 /* MoveEditViewController.m */,
				88E755B3176AC79E009F2AF4 /* Activity.h */,
				88E755B6176ACC3D009F2AF4 /* ActivityDataController.h */,
				88E755B7176ACC3D009F2AF4 /* ActivityDataController.m */,
				88DDC3ED177CA27D00E7CB53 /* UIApplication+NetworkActivityManager.h */,
				88DDC3EE177CA27D00E7CB53 /* UIApplication+NetworkActivityManager.m */,
				88E755B4176AC79E009F2AF4 /* Activity.m */,
				88E7559D176AB479009F2AF4 /* MoveAppDelegate.m */,
				88E755A5176AB479009F2AF4 /* MainStoryboard.storyboard */,
				88E755A8176AB479009F2AF4 /* MoveMasterViewController.h */,
				88E755A9176AB479009F2AF4 /* MoveMasterViewController.m */,
				88D8CB6E176E903D0044DF85 /* MoveCreateViewController.h */,
				88D8CB6F176E903D0044DF85 /* MoveCreateViewController.m */,
				88E755AB176AB479009F2AF4 /* MoveDetailViewController.h */,
				88E755AC176AB479009F2AF4 /* MoveDetailViewController.m */,
				88E75594176AB479009F2AF4 /* Supporting Files */,
			);
			path = MovePrototype01;
			sourceTree = "<group>";
		};
		88E75594176AB479009F2AF4 /* Supporting Files */ = {
			isa = PBXGroup;
			children = (
				88E75595176AB479009F2AF4 /* MovePrototype01-Info.plist */,
				88E75596176AB479009F2AF4 /* InfoPlist.strings */,
				88E75599176AB479009F2AF4 /* main.m */,
				88E7559B176AB479009F2AF4 /* MovePrototype01-Prefix.pch */,
				88E7559F176AB479009F2AF4 /* Default.png */,
				88E755A1176AB479009F2AF4 /* Default@2x.png */,
				88E755A3176AB479009F2AF4 /* Default-568h@2x.png */,
			);
			name = "Supporting Files";
			sourceTree = "<group>";
		};
/* End PBXGroup section */

/* Begin PBXNativeTarget section */
		88E75589176AB479009F2AF4 /* MovePrototype01 */ = {
			isa = PBXNativeTarget;
			buildConfigurationList = 88E755B0176AB479009F2AF4 /* Build configuration list for PBXNativeTarget "MovePrototype01" */;
			buildPhases = (
				88E75586176AB479009F2AF4 /* Sources */,
				88E75587176AB479009F2AF4 /* Frameworks */,
				88E75588176AB479009F2AF4 /* Resources */,
			);
			buildRules = (
			);
			dependencies = (
			);
			name = MovePrototype01;
			productName = MovePrototype01;
			productReference = 88E7558A176AB479009F2AF4 /* MovePrototype01.app */;
			productType = "com.apple.product-type.application";
		};
/* End PBXNativeTarget section */

/* Begin PBXProject section */
		88E75582176AB478009F2AF4 /* Project object */ = {
			isa = PBXProject;
			attributes = {
				CLASSPREFIX = Move;
				LastUpgradeCheck = 0460;
				ORGANIZATIONNAME = Self;
			};
			buildConfigurationList = 88E75585176AB478009F2AF4 /* Build configuration list for PBXProject "MovePrototype01" */;
			compatibilityVersion = "Xcode 3.2";
			developmentRegion = English;
			hasScannedForEncodings = 0;
			knownRegions = (
				en,
			);
			mainGroup = 88E75581176AB478009F2AF4;
			productRefGroup = 88E7558B176AB479009F2AF4 /* Products */;
			projectDirPath = "";
			projectRoot = "";
			targets = (
				88E75589176AB479009F2AF4 /* MovePrototype01 */,
			);
		};
/* End PBXProject section */

/* Begin PBXResourcesBuildPhase section */
		88E75588176AB479009F2AF4 /* Resources */ = {
			isa = PBXResourcesBuildPhase;
			buildActionMask = 2147483647;
			files = (
				88E75598176AB479009F2AF4 /* InfoPlist.strings in Resources */,
				88E755A0176AB479009F2AF4 /* Default.png in Resources */,
				88E755A2176AB479009F2AF4 /* Default@2x.png in Resources */,
				88E755A4176AB479009F2AF4 /* Default-568h@2x.png in Resources */,
				88E755A7176AB479009F2AF4 /* MainStoryboard.storyboard in Resources */,
				88DDC3FF177CBDE900E7CB53 /* blackArrow.png in Resources */,
				88DDC400177CBDE900E7CB53 /* blackArrow@2x.png in Resources */,
				88DDC401177CBDE900E7CB53 /* blueArrow.png in Resources */,
				88DDC402177CBDE900E7CB53 /* blueArrow@2x.png in Resources */,
				88DDC403177CBDE900E7CB53 /* grayArrow.png in Resources */,
				88DDC404177CBDE900E7CB53 /* grayArrow@2x.png in Resources */,
				88DDC405177CBDE900E7CB53 /* whiteArrow.png in Resources */,
				88DDC406177CBDE900E7CB53 /* whiteArrow@2x.png in Resources */,
			);
			runOnlyForDeploymentPostprocessing = 0;
		};
/* End PBXResourcesBuildPhase section */

/* Begin PBXSourcesBuildPhase section */
		88E75586176AB479009F2AF4 /* Sources */ = {
			isa = PBXSourcesBuildPhase;
			buildActionMask = 2147483647;
			files = (
				88E7559A176AB479009F2AF4 /* main.m in Sources */,
				88E7559E176AB479009F2AF4 /* MoveAppDelegate.m in Sources */,
				88E755AA176AB479009F2AF4 /* MoveMasterViewController.m in Sources */,
				88E755AD176AB479009F2AF4 /* MoveDetailViewController.m in Sources */,
				88E755B5176AC79E009F2AF4 /* Activity.m in Sources */,
				88E755B8176ACC3D009F2AF4 /* ActivityDataController.m in Sources */,
				88D8CB70176E903D0044DF85 /* MoveCreateViewController.m in Sources */,
				8899B4321772506600613D90 /* MoveEditViewController.m in Sources */,
				888004571773651E00CDEC07 /* AFHTTPClient.m in Sources */,
				888004581773651E00CDEC07 /* AFHTTPRequestOperation.m in Sources */,
				888004591773651E00CDEC07 /* AFImageRequestOperation.m in Sources */,
				8880045A1773651E00CDEC07 /* AFJSONRequestOperation.m in Sources */,
				8880045B1773651E00CDEC07 /* AFNetworkActivityIndicatorManager.m in Sources */,
				8880045C1773651E00CDEC07 /* AFPropertyListRequestOperation.m in Sources */,
				8880045D1773651E00CDEC07 /* AFURLConnectionOperation.m in Sources */,
				8880045E1773651E00CDEC07 /* AFXMLRequestOperation.m in Sources */,
				8880045F1773651E00CDEC07 /* UIImageView+AFNetworking.m in Sources */,
				88DDC3EF177CA27D00E7CB53 /* UIApplication+NetworkActivityManager.m in Sources */,
				88DDC3FE177CBDE900E7CB53 /* EGORefreshTableHeaderView.m in Sources */,
			);
			runOnlyForDeploymentPostprocessing = 0;
		};
/* End PBXSourcesBuildPhase section */

/* Begin PBXVariantGroup section */
		88E75596176AB479009F2AF4 /* InfoPlist.strings */ = {
			isa = PBXVariantGroup;
			children = (
				88E75597176AB479009F2AF4 /* en */,
			);
			name = InfoPlist.strings;
			sourceTree = "<group>";
		};
		88E755A5176AB479009F2AF4 /* MainStoryboard.storyboard */ = {
			isa = PBXVariantGroup;
			children = (
				88E755A6176AB479009F2AF4 /* en */,
			);
			name = MainStoryboard.storyboard;
			sourceTree = "<group>";
		};
/* End PBXVariantGroup section */

/* Begin XCBuildConfiguration section */
		88E755AE176AB479009F2AF4 /* Debug */ = {
			isa = XCBuildConfiguration;
			buildSettings = {
				ALWAYS_SEARCH_USER_PATHS = NO;
				CLANG_CXX_LANGUAGE_STANDARD = "gnu++0x";
				CLANG_CXX_LIBRARY = "libc++";
				CLANG_ENABLE_OBJC_ARC = YES;
				CLANG_WARN_CONSTANT_CONVERSION = YES;
				CLANG_WARN_EMPTY_BODY = YES;
				CLANG_WARN_ENUM_CONVERSION = YES;
				CLANG_WARN_INT_CONVERSION = YES;
				CLANG_WARN__DUPLICATE_METHOD_MATCH = YES;
				"CODE_SIGN_IDENTITY[sdk=iphoneos*]" = "iPhone Developer";
				COPY_PHASE_STRIP = NO;
				GCC_C_LANGUAGE_STANDARD = gnu99;
				GCC_DYNAMIC_NO_PIC = NO;
				GCC_OPTIMIZATION_LEVEL = 0;
				GCC_PREPROCESSOR_DEFINITIONS = (
					"DEBUG=1",
					"$(inherited)",
				);
				GCC_SYMBOLS_PRIVATE_EXTERN = NO;
				GCC_WARN_ABOUT_RETURN_TYPE = YES;
				GCC_WARN_UNINITIALIZED_AUTOS = YES;
				GCC_WARN_UNUSED_VARIABLE = YES;
				IPHONEOS_DEPLOYMENT_TARGET = 6.1;
				ONLY_ACTIVE_ARCH = YES;
				SDKROOT = iphoneos;
			};
			name = Debug;
		};
		88E755AF176AB479009F2AF4 /* Release */ = {
			isa = XCBuildConfiguration;
			buildSettings = {
				ALWAYS_SEARCH_USER_PATHS = NO;
				CLANG_CXX_LANGUAGE_STANDARD = "gnu++0x";
				CLANG_CXX_LIBRARY = "libc++";
				CLANG_ENABLE_OBJC_ARC = YES;
				CLANG_WARN_CONSTANT_CONVERSION = YES;
				CLANG_WARN_EMPTY_BODY = YES;
				CLANG_WARN_ENUM_CONVERSION = YES;
				CLANG_WARN_INT_CONVERSION = YES;
				CLANG_WARN__DUPLICATE_METHOD_MATCH = YES;
				"CODE_SIGN_IDENTITY[sdk=iphoneos*]" = "iPhone Developer";
				COPY_PHASE_STRIP = YES;
				GCC_C_LANGUAGE_STANDARD = gnu99;
				GCC_WARN_ABOUT_RETURN_TYPE = YES;
				GCC_WARN_UNINITIALIZED_AUTOS = YES;
				GCC_WARN_UNUSED_VARIABLE = YES;
				IPHONEOS_DEPLOYMENT_TARGET = 6.1;
				OTHER_CFLAGS = "-DNS_BLOCK_ASSERTIONS=1";
				SDKROOT = iphoneos;
				VALIDATE_PRODUCT = YES;
			};
			name = Release;
		};
		88E755B1176AB479009F2AF4 /* Debug */ = {
			isa = XCBuildConfiguration;
			buildSettings = {
				GCC_PRECOMPILE_PREFIX_HEADER = YES;
				GCC_PREFIX_HEADER = "MovePrototype01/MovePrototype01-Prefix.pch";
				INFOPLIST_FILE = "MovePrototype01/MovePrototype01-Info.plist";
				PRODUCT_NAME = "$(TARGET_NAME)";
				WRAPPER_EXTENSION = app;
			};
			name = Debug;
		};
		88E755B2176AB479009F2AF4 /* Release */ = {
			isa = XCBuildConfiguration;
			buildSettings = {
				GCC_PRECOMPILE_PREFIX_HEADER = YES;
				GCC_PREFIX_HEADER = "MovePrototype01/MovePrototype01-Prefix.pch";
				INFOPLIST_FILE = "MovePrototype01/MovePrototype01-Info.plist";
				PRODUCT_NAME = "$(TARGET_NAME)";
				WRAPPER_EXTENSION = app;
			};
			name = Release;
		};
/* End XCBuildConfiguration section */

/* Begin XCConfigurationList section */
		88E75585176AB478009F2AF4 /* Build configuration list for PBXProject "MovePrototype01" */ = {
			isa = XCConfigurationList;
			buildConfigurations = (
				88E755AE176AB479009F2AF4 /* Debug */,
				88E755AF176AB479009F2AF4 /* Release */,
			);
			defaultConfigurationIsVisible = 0;
			defaultConfigurationName = Release;
		};
		88E755B0176AB479009F2AF4 /* Build configuration list for PBXNativeTarget "MovePrototype01" */ = {
			isa = XCConfigurationList;
			buildConfigurations = (
				88E755B1176AB479009F2AF4 /* Debug */,
				88E755B2176AB479009F2AF4 /* Release */,
			);
			defaultConfigurationIsVisible = 0;
			defaultConfigurationName = Release;
		};
/* End XCConfigurationList section */
	};
	rootObject = 88E75582176AB478009F2AF4 /* Project object */;
}
